
Microsoft Visual Studio Solution File, Format Version 12.00
# Visual Studio Version 17
VisualStudioVersion = 17.4.33122.133
MinimumVisualStudioVersion = 10.0.40219.1
Project("{FAE04EC0-301F-11D3-BF4B-00C04F79EFBC}") = "POOAbstracao", "POOAbstracao\POOAbstracao.csproj", "{AB61204F-C512-440C-9BAA-F6D2960D096A}"
EndProject
Global
	GlobalSection(SolutionConfigurationPlatforms) = preSolution
		Debug|Any CPU = Debug|Any CPU
		Release|Any CPU = Release|Any CPU
	EndGlobalSection
	GlobalSection(ProjectConfigurationPlatforms) = postSolution
		{AB61204F-C512-440C-9BAA-F6D2960D096A}.Debug|Any CPU.ActiveCfg = Debug|Any CPU
		{AB61204F-C512-440C-9BAA-F6D2960D096A}.Debug|Any CPU.Build.0 = Debug|Any CPU
		{AB61204F-C512-440C-9BAA-F6D2960D096A}.Release|Any CPU.ActiveCfg = Release|Any CPU
		{AB61204F-C512-440C-9BAA-F6D2960D096A}.Release|Any CPU.Build.0 = Release|Any CPU
	EndGlobalSection
	GlobalSection(SolutionProperties) = preSolution
		HideSolutionNode = FALSE
	EndGlobalSection
	GlobalSection(ExtensibilityGlobals) = postSolution
		SolutionGuid = {888967E8-6E54-4AA4-990C-AEDA49D3DEFF}
	EndGlobalSection
EndGlobal
